<?xml version="1.0" encoding="UTF-8"?>
<CodeBlocks_project_file>
	<FileVersion major="1" minor="6"/>
	<Project>
		<Option title="mspp"/>
		<Option makefile_is_custom="1"/>
		<Option compiler="gcc"/>
		<Option virtualFolders="CMake Files\;"/>
		<Build>
			<Target title="all">
				<Option working_dir="/home/martin/Documents/s/mspp/mspp/debug"/>
				<Option type="4"/>
				<MakeCommands>
					<Build command="/usr/bin/make -j8 -f &quot;/home/martin/Documents/s/mspp/mspp/debug/Makefile&quot;  VERBOSE=1 all"/>
					<CompileFile command="/usr/bin/make -j8 -f &quot;/home/martin/Documents/s/mspp/mspp/debug/Makefile&quot;  VERBOSE=1 &quot;$file&quot;"/>
					<Clean command="/usr/bin/make -j8 -f &quot;/home/martin/Documents/s/mspp/mspp/debug/Makefile&quot;  VERBOSE=1 clean"/>
					<DistClean command="/usr/bin/make -j8 -f &quot;/home/martin/Documents/s/mspp/mspp/debug/Makefile&quot;  VERBOSE=1 clean"/>
				</MakeCommands>
			</Target>
			<Target title="rebuild_cache">
				<Option working_dir="/home/martin/Documents/s/mspp/mspp/debug"/>
				<Option type="4"/>
				<MakeCommands>
					<Build command="/usr/bin/make -j8 -f &quot;/home/martin/Documents/s/mspp/mspp/debug/Makefile&quot;  VERBOSE=1 rebuild_cache"/>
					<CompileFile command="/usr/bin/make -j8 -f &quot;/home/martin/Documents/s/mspp/mspp/debug/Makefile&quot;  VERBOSE=1 &quot;$file&quot;"/>
					<Clean command="/usr/bin/make -j8 -f &quot;/home/martin/Documents/s/mspp/mspp/debug/Makefile&quot;  VERBOSE=1 clean"/>
					<DistClean command="/usr/bin/make -j8 -f &quot;/home/martin/Documents/s/mspp/mspp/debug/Makefile&quot;  VERBOSE=1 clean"/>
				</MakeCommands>
			</Target>
			<Target title="edit_cache">
				<Option working_dir="/home/martin/Documents/s/mspp/mspp/debug"/>
				<Option type="4"/>
				<MakeCommands>
					<Build command="/usr/bin/make -j8 -f &quot;/home/martin/Documents/s/mspp/mspp/debug/Makefile&quot;  VERBOSE=1 edit_cache"/>
					<CompileFile command="/usr/bin/make -j8 -f &quot;/home/martin/Documents/s/mspp/mspp/debug/Makefile&quot;  VERBOSE=1 &quot;$file&quot;"/>
					<Clean command="/usr/bin/make -j8 -f &quot;/home/martin/Documents/s/mspp/mspp/debug/Makefile&quot;  VERBOSE=1 clean"/>
					<DistClean command="/usr/bin/make -j8 -f &quot;/home/martin/Documents/s/mspp/mspp/debug/Makefile&quot;  VERBOSE=1 clean"/>
				</MakeCommands>
			</Target>
			<Target title="mspp">
				<Option output="/home/martin/Documents/s/mspp/mspp/debug/mspp" prefix_auto="0" extension_auto="0"/>
				<Option working_dir="/home/martin/Documents/s/mspp/mspp/debug"/>
				<Option object_output="./"/>
				<Option type="1"/>
				<Option compiler="gcc"/>
				<Compiler>
					<Add option="-DIL_STD"/>
					<Add directory="/opt/ibm/ILOG/CPLEX_Studio1263/cplex/include"/>
					<Add directory="/opt/ibm/ILOG/CPLEX_Studio1263/concert/include"/>
					<Add directory="/home/martin/Documents/s/mspp/mspp/include"/>
					<Add directory="/usr/include/c++/6"/>
					<Add directory="/usr/include/x86_64-linux-gnu/c++/6"/>
					<Add directory="/usr/include/c++/6/backward"/>
					<Add directory="/usr/lib/gcc/x86_64-linux-gnu/6/include"/>
					<Add directory="/usr/local/include"/>
					<Add directory="/usr/lib/gcc/x86_64-linux-gnu/6/include-fixed"/>
					<Add directory="/usr/include/x86_64-linux-gnu"/>
					<Add directory="/usr/include"/>
				</Compiler>
				<MakeCommands>
					<Build command="/usr/bin/make -j8 -f &quot;/home/martin/Documents/s/mspp/mspp/debug/Makefile&quot;  VERBOSE=1 mspp"/>
					<CompileFile command="/usr/bin/make -j8 -f &quot;/home/martin/Documents/s/mspp/mspp/debug/Makefile&quot;  VERBOSE=1 &quot;$file&quot;"/>
					<Clean command="/usr/bin/make -j8 -f &quot;/home/martin/Documents/s/mspp/mspp/debug/Makefile&quot;  VERBOSE=1 clean"/>
					<DistClean command="/usr/bin/make -j8 -f &quot;/home/martin/Documents/s/mspp/mspp/debug/Makefile&quot;  VERBOSE=1 clean"/>
				</MakeCommands>
			</Target>
			<Target title="mspp/fast">
				<Option output="/home/martin/Documents/s/mspp/mspp/debug/mspp" prefix_auto="0" extension_auto="0"/>
				<Option working_dir="/home/martin/Documents/s/mspp/mspp/debug"/>
				<Option object_output="./"/>
				<Option type="1"/>
				<Option compiler="gcc"/>
				<Compiler>
					<Add option="-DIL_STD"/>
					<Add directory="/opt/ibm/ILOG/CPLEX_Studio1263/cplex/include"/>
					<Add directory="/opt/ibm/ILOG/CPLEX_Studio1263/concert/include"/>
					<Add directory="/home/martin/Documents/s/mspp/mspp/include"/>
					<Add directory="/usr/include/c++/6"/>
					<Add directory="/usr/include/x86_64-linux-gnu/c++/6"/>
					<Add directory="/usr/include/c++/6/backward"/>
					<Add directory="/usr/lib/gcc/x86_64-linux-gnu/6/include"/>
					<Add directory="/usr/local/include"/>
					<Add directory="/usr/lib/gcc/x86_64-linux-gnu/6/include-fixed"/>
					<Add directory="/usr/include/x86_64-linux-gnu"/>
					<Add directory="/usr/include"/>
				</Compiler>
				<MakeCommands>
					<Build command="/usr/bin/make -j8 -f &quot;/home/martin/Documents/s/mspp/mspp/debug/Makefile&quot;  VERBOSE=1 mspp/fast"/>
					<CompileFile command="/usr/bin/make -j8 -f &quot;/home/martin/Documents/s/mspp/mspp/debug/Makefile&quot;  VERBOSE=1 &quot;$file&quot;"/>
					<Clean command="/usr/bin/make -j8 -f &quot;/home/martin/Documents/s/mspp/mspp/debug/Makefile&quot;  VERBOSE=1 clean"/>
					<DistClean command="/usr/bin/make -j8 -f &quot;/home/martin/Documents/s/mspp/mspp/debug/Makefile&quot;  VERBOSE=1 clean"/>
				</MakeCommands>
			</Target>
		</Build>
		<Unit filename="/home/martin/Documents/s/mspp/mspp/src/commons.cpp">
			<Option target="mspp"/>
		</Unit>
		<Unit filename="/home/martin/Documents/s/mspp/mspp/src/cplexlpsolver.cpp">
			<Option target="mspp"/>
		</Unit>
		<Unit filename="/home/martin/Documents/s/mspp/mspp/src/test.cpp">
			<Option target="mspp"/>
		</Unit>
		<Unit filename="/home/martin/Documents/s/mspp/mspp/CMakeLists.txt">
			<Option virtualFolder="CMake Files\"/>
		</Unit>
	</Project>
</CodeBlocks_project_file>
